# This file was autogenerated by Stack.
# You should not edit this file by hand.
# For more information, please see the documentation at:
#   https://docs.haskellstack.org/en/stable/lock_files

packages:
- completed:
    hackage: hakyll-4.15.0.1@sha256:35ccf52def1a7aa0193b4e48e84cbbb4e06740ef0a41ec5e8c2ccb6b99391de0,9634
    pantry-tree:
      size: 8559
      sha256: 8bc3679796ee0a0c05547a4b91aeff3b308fa9c22722d890e5f3caa8a7cb0053
  original:
    hackage: hakyll-4.15.0.1@sha256:35ccf52def1a7aa0193b4e48e84cbbb4e06740ef0a41ec5e8c2ccb6b99391de0,9634
snapshots:
- completed:
    size: 587819
    url: https://raw.githubusercontent.com/commercialhaskell/stackage-snapshots/master/lts/18/23.yaml
    sha256: 7f69bb29a57495586e7e3ed31ecc59c0d2c959cb23bd52b71ca676f254c9beb1
  original: lts-18.23
